// !$*UTF8*$!
{
	archiveVersion = 1;
	classes = {
	};
	objectVersion = 46;
	objects = {

/* Begin PBXBuildFile section */
		11E5760E1C03A6E9001C8B39 /* AppDelegate.swift in Sources */ = {isa = PBXBuildFile; fileRef = 11E5760D1C03A6E9001C8B39 /* AppDelegate.swift */; };
		11E576101C03A6E9001C8B39 /* ViewController.swift in Sources */ = {isa = PBXBuildFile; fileRef = 11E5760F1C03A6E9001C8B39 /* ViewController.swift */; };
		11E576131C03A6E9001C8B39 /* Main.storyboard in Resources */ = {isa = PBXBuildFile; fileRef = 11E576111C03A6E9001C8B39 /* Main.storyboard */; };
		11E576151C03A6E9001C8B39 /* Assets.xcassets in Resources */ = {isa = PBXBuildFile; fileRef = 11E576141C03A6E9001C8B39 /* Assets.xcassets */; };
		11E576181C03A6E9001C8B39 /* LaunchScreen.storyboard in Resources */ = {isa = PBXBuildFile; fileRef = 11E576161C03A6E9001C8B39 /* LaunchScreen.storyboard */; };
		11E576231C03A6E9001C8B39 /* IBRepCalculatorTests.swift in Sources */ = {isa = PBXBuildFile; fileRef = 11E576221C03A6E9001C8B39 /* IBRepCalculatorTests.swift */; };
/* End PBXBuildFile section */

/* Begin PBXContainerItemProxy section */
		11E5761F1C03A6E9001C8B39 /* PBXContainerItemProxy */ = {
			isa = PBXContainerItemProxy;
			containerPortal = 11E576021C03A6E9001C8B39 /* Project object */;
			proxyType = 1;
			remoteGlobalIDString = 11E576091C03A6E9001C8B39;
			remoteInfo = IBRepCalculator;
		};
/* End PBXContainerItemProxy section */

/* Begin PBXFileReference section */
		11E5760A1C03A6E9001C8B39 /* IBRepCalculator.app */ = {isa = PBXFileReference; explicitFileType = wrapper.application; includeInIndex = 0; path = IBRepCalculator.app; sourceTree = BUILT_PRODUCTS_DIR; };
		11E5760D1C03A6E9001C8B39 /* AppDelegate.swift */ = {isa = PBXFileReference; lastKnownFileType = sourcecode.swift; path = AppDelegate.swift; sourceTree = "<group>"; };
		11E5760F1C03A6E9001C8B39 /* ViewController.swift */ = {isa = PBXFileReference; lastKnownFileType = sourcecode.swift; path = ViewController.swift; sourceTree = "<group>"; };
		11E576121C03A6E9001C8B39 /* Base */ = {isa = PBXFileReference; lastKnownFileType = file.storyboard; name = Base; path = Base.lproj/Main.storyboard; sourceTree = "<group>"; };
		11E576141C03A6E9001C8B39 /* Assets.xcassets */ = {isa = PBXFileReference; lastKnownFileType = folder.assetcatalog; path = Assets.xcassets; sourceTree = "<group>"; };
		11E576171C03A6E9001C8B39 /* Base */ = {isa = PBXFileReference; lastKnownFileType = file.storyboard; name = Base; path = Base.lproj/LaunchScreen.storyboard; sourceTree = "<group>"; };
		11E576191C03A6E9001C8B39 /* Info.plist */ = {isa = PBXFileReference; lastKnownFileType = text.plist.xml; path = Info.plist; sourceTree = "<group>"; };
		11E5761E1C03A6E9001C8B39 /* IBRepCalculatorTests.xctest */ = {isa = PBXFileReference; explicitFileType = wrapper.cfbundle; includeInIndex = 0; path = IBRepCalculatorTests.xctest; sourceTree = BUILT_PRODUCTS_DIR; };
		11E576221C03A6E9001C8B39 /* IBRepCalculatorTests.swift */ = {isa = PBXFileReference; lastKnownFileType = sourcecode.swift; path = IBRepCalculatorTests.swift; sourceTree = "<group>"; };
		11E576241C03A6E9001C8B39 /* Info.plist */ = {isa = PBXFileReference; lastKnownFileType = text.plist.xml; path = Info.plist; sourceTree = "<group>"; };
/* End PBXFileReference section */

/* Begin PBXFrameworksBuildPhase section */
		11E576071C03A6E9001C8B39 /* Frameworks */ = {
			isa = PBXFrameworksBuildPhase;
			buildActionMask = 2147483647;
			files = (
			);
			runOnlyForDeploymentPostprocessing = 0;
		};
		11E5761B1C03A6E9001C8B39 /* Frameworks */ = {
			isa = PBXFrameworksBuildPhase;
			buildActionMask = 2147483647;
			files = (
			);
			runOnlyForDeploymentPostprocessing = 0;
		};
/* End PBXFrameworksBuildPhase section */

/* Begin PBXGroup section */
		11E576011C03A6E9001C8B39 = {
			isa = PBXGroup;
			children = (
				11E5760C1C03A6E9001C8B39 /* IBRepCalculator */,
				11E576211C03A6E9001C8B39 /* IBRepCalculatorTests */,
				11E5760B1C03A6E9001C8B39 /* Products */,
			);
			sourceTree = "<group>";
		};
		11E5760B1C03A6E9001C8B39 /* Products */ = {
			isa = PBXGroup;
			children = (
				11E5760A1C03A6E9001C8B39 /* IBRepCalculator.app */,
				11E5761E1C03A6E9001C8B39 /* IBRepCalculatorTests.xctest */,
			);
			name = Products;
			sourceTree = "<group>";
		};
		11E5760C1C03A6E9001C8B39 /* IBRepCalculator */ = {
			isa = PBXGroup;
			children = (
				11E5760D1C03A6E9001C8B39 /* AppDelegate.swift */,
				11E5760F1C03A6E9001C8B39 /* ViewController.swift */,
				11E576111C03A6E9001C8B39 /* Main.storyboard */,
				11E576141C03A6E9001C8B39 /* Assets.xcassets */,
				11E576161C03A6E9001C8B39 /* LaunchScreen.storyboard */,
				11E576191C03A6E9001C8B39 /* Info.plist */,
			);
			path = IBRepCalculator;
			sourceTree = "<group>";
		};
		11E576211C03A6E9001C8B39 /* IBRepCalculatorTests */ = {
			isa = PBXGroup;
			children = (
				11E576221C03A6E9001C8B39 /* IBRepCalculatorTests.swift */,
				11E576241C03A6E9001C8B39 /* Info.plist */,
			);
			path = IBRepCalculatorTests;
			sourceTree = "<group>";
		};
/* End PBXGroup section */

/* Begin PBXNativeTarget section */
		11E576091C03A6E9001C8B39 /* IBRepCalculator */ = {
			isa = PBXNativeTarget;
			buildConfigurationList = 11E576271C03A6E9001C8B39 /* Build configuration list for PBXNativeTarget "IBRepCalculator" */;
			buildPhases = (
				11E576061C03A6E9001C8B39 /* Sources */,
				11E576071C03A6E9001C8B39 /* Frameworks */,
				11E576081C03A6E9001C8B39 /* Resources */,
			);
			buildRules = (
			);
			dependencies = (
			);
			name = IBRepCalculator;
			productName = IBRepCalculator;
			productReference = 11E5760A1C03A6E9001C8B39 /* IBRepCalculator.app */;
			productType = "com.apple.product-type.application";
		};
		11E5761D1C03A6E9001C8B39 /* IBRepCalculatorTests */ = {
			isa = PBXNativeTarget;
			buildConfigurationList = 11E5762A1C03A6E9001C8B39 /* Build configuration list for PBXNativeTarget "IBRepCalculatorTests" */;
			buildPhases = (
				11E5761A1C03A6E9001C8B39 /* Sources */,
				11E5761B1C03A6E9001C8B39 /* Frameworks */,
				11E5761C1C03A6E9001C8B39 /* Resources */,
			);
			buildRules = (
			);
			dependencies = (
				11E576201C03A6E9001C8B39 /* PBXTargetDependency */,
			);
			name = IBRepCalculatorTests;
			productName = IBRepCalculatorTests;
			productReference = 11E5761E1C03A6E9001C8B39 /* IBRepCalculatorTests.xctest */;
			productType = "com.apple.product-type.bundle.unit-test";
		};
/* End PBXNativeTarget section */

/* Begin PBXProject section */
		11E576021C03A6E9001C8B39 /* Project object */ = {
			isa = PBXProject;
			attributes = {
				LastSwiftUpdateCheck = 0710;
				LastUpgradeCheck = 0710;
				ORGANIZATIONNAME = "Justin Krysinski";
				TargetAttributes = {
					11E576091C03A6E9001C8B39 = {
						CreatedOnToolsVersion = 7.1.1;
						DevelopmentTeam = D36Q8LS494;
					};
					11E5761D1C03A6E9001C8B39 = {
						CreatedOnToolsVersion = 7.1.1;
						DevelopmentTeam = D36Q8LS494;
						TestTargetID = 11E576091C03A6E9001C8B39;
					};
				};
			};
			buildConfigurationList = 11E576051C03A6E9001C8B39 /* Build configuration list for PBXProject "IBRepCalculator" */;
			compatibilityVersion = "Xcode 3.2";
			developmentRegion = English;
			hasScannedForEncodings = 0;
			knownRegions = (
				en,
				Base,
			);
			mainGroup = 11E576011C03A6E9001C8B39;
			productRefGroup = 11E5760B1C03A6E9001C8B39 /* Products */;
			projectDirPath = "";
			projectRoot = "";
			targets = (
				11E576091C03A6E9001C8B39 /* IBRepCalculator */,
				11E5761D1C03A6E9001C8B39 /* IBRepCalculatorTests */,
			);
		};
/* End PBXProject section */

/* Begin PBXResourcesBuildPhase section */
		11E576081C03A6E9001C8B39 /* Resources */ = {
			isa = PBXResourcesBuildPhase;
			buildActionMask = 2147483647;
			files = (
				11E576181C03A6E9001C8B39 /* LaunchScreen.storyboard in Resources */,
				11E576151C03A6E9001C8B39 /* Assets.xcassets in Resources */,
				11E576131C03A6E9001C8B39 /* Main.storyboard in Resources */,
			);
			runOnlyForDeploymentPostprocessing = 0;
		};
		11E5761C1C03A6E9001C8B39 /* Resources */ = {
			isa = PBXResourcesBuildPhase;
			buildActionMask = 2147483647;
			files = (
			);
			runOnlyForDeploymentPostprocessing = 0;
		};
/* End PBXResourcesBuildPhase section */

/* Begin PBXSourcesBuildPhase section */
		11E576061C03A6E9001C8B39 /* Sources */ = {
			isa = PBXSourcesBuildPhase;
			buildActionMask = 2147483647;
			files = (
				11E576101C03A6E9001C8B39 /* ViewController.swift in Sources */,
				11E5760E1C03A6E9001C8B39 /* AppDelegate.swift in Sources */,
			);
			runOnlyForDeploymentPostprocessing = 0;
		};
		11E5761A1C03A6E9001C8B39 /* Sources */ = {
			isa = PBXSourcesBuildPhase;
			buildActionMask = 2147483647;
			files = (
				11E576231C03A6E9001C8B39 /* IBRepCalculatorTests.swift in Sources */,
			);
			runOnlyForDeploymentPostprocessing = 0;
		};
/* End PBXSourcesBuildPhase section */

/* Begin PBXTargetDependency section */
		11E576201C03A6E9001C8B39 /* PBXTargetDependency */ = {
			isa = PBXTargetDependency;
			target = 11E576091C03A6E9001C8B39 /* IBRepCalculator */;
			targetProxy = 11E5761F1C03A6E9001C8B39 /* PBXContainerItemProxy */;
		};
/* End PBXTargetDependency section */

/* Begin PBXVariantGroup section */
		11E576111C03A6E9001C8B39 /* Main.storyboard */ = {
			isa = PBXVariantGroup;
			children = (
				11E576121C03A6E9001C8B39 /* Base */,
			);
			name = Main.storyboard;
			sourceTree = "<group>";
		};
		11E576161C03A6E9001C8B39 /* LaunchScreen.storyboard */ = {
			isa = PBXVariantGroup;
			children = (
				11E576171C03A6E9001C8B39 /* Base */,
			);
			name = LaunchScreen.storyboard;
			sourceTree = "<group>";
		};
/* End PBXVariantGroup section */

/* Begin XCBuildConfiguration section */
		11E576251C03A6E9001C8B39 /* Debug */ = {
			isa = XCBuildConfiguration;
			buildSettings = {
				ALWAYS_SEARCH_USER_PATHS = NO;
				CLANG_CXX_LANGUAGE_STANDARD = "gnu++0x";
				CLANG_CXX_LIBRARY = "libc++";
				CLANG_ENABLE_MODULES = YES;
				CLANG_ENABLE_OBJC_ARC = YES;
				CLANG_WARN_BOOL_CONVERSION = YES;
				CLANG_WARN_CONSTANT_CONVERSION = YES;
				CLANG_WARN_DIRECT_OBJC_ISA_USAGE = YES_ERROR;
				CLANG_WARN_EMPTY_BODY = YES;
				CLANG_WARN_ENUM_CONVERSION = YES;
				CLANG_WARN_INT_CONVERSION = YES;
				CLANG_WARN_OBJC_ROOT_CLASS = YES_ERROR;
				CLANG_WARN_UNREACHABLE_CODE = YES;
				CLANG_WARN__DUPLICATE_METHOD_MATCH = YES;
				"CODE_SIGN_IDENTITY[sdk=iphoneos*]" = "iPhone Developer";
				COPY_PHASE_STRIP = NO;
				DEBUG_INFORMATION_FORMAT = dwarf;
				ENABLE_STRICT_OBJC_MSGSEND = YES;
				ENABLE_TESTABILITY = YES;
				GCC_C_LANGUAGE_STANDARD = gnu99;
				GCC_DYNAMIC_NO_PIC = NO;
				GCC_NO_COMMON_BLOCKS = YES;
				GCC_OPTIMIZATION_LEVEL = 0;
				GCC_PREPROCESSOR_DEFINITIONS = (
					"DEBUG=1",
					"$(inherited)",
				);
				GCC_WARN_64_TO_32_BIT_CONVERSION = YES;
				GCC_WARN_ABOUT_RETURN_TYPE = YES_ERROR;
				GCC_WARN_UNDECLARED_SELECTOR = YES;
				GCC_WARN_UNINITIALIZED_AUTOS = YES_AGGRESSIVE;
				GCC_WARN_UNUSED_FUNCTION = YES;
				GCC_WARN_UNUSED_VARIABLE = YES;
				IPHONEOS_DEPLOYMENT_TARGET = 9.1;
				MTL_ENABLE_DEBUG_INFO = YES;
				ONLY_ACTIVE_ARCH = YES;
				SDKROOT = iphoneos;
				SWIFT_OPTIMIZATION_LEVEL = "-Onone";
				TARGETED_DEVICE_FAMILY = "1,2";
			};
			name = Debug;
		};
		11E576261C03A6E9001C8B39 /* Release */ = {
			isa = XCBuildConfiguration;
			buildSettings = {
				ALWAYS_SEARCH_USER_PATHS = NO;
				CLANG_CXX_LANGUAGE_STANDARD = "gnu++0x";
				CLANG_CXX_LIBRARY = "libc++";
				CLANG_ENABLE_MODULES = YES;
				CLANG_ENABLE_OBJC_ARC = YES;
				CLANG_WARN_BOOL_CONVERSION = YES;
				CLANG_WARN_CONSTANT_CONVERSION = YES;
				CLANG_WARN_DIRECT_OBJC_ISA_USAGE = YES_ERROR;
				CLANG_WARN_EMPTY_BODY = YES;
				CLANG_WARN_ENUM_CONVERSION = YES;
				CLANG_WARN_INT_CONVERSION = YES;
				CLANG_WARN_OBJC_ROOT_CLASS = YES_ERROR;
				CLANG_WARN_UNREACHABLE_CODE = YES;
				CLANG_WARN__DUPLICATE_METHOD_MATCH = YES;
				"CODE_SIGN_IDENTITY[sdk=iphoneos*]" = "iPhone Developer";
				COPY_PHASE_STRIP = NO;
				DEBUG_INFORMATION_FORMAT = "dwarf-with-dsym";
				ENABLE_NS_ASSERTIONS = NO;
				ENABLE_STRICT_OBJC_MSGSEND = YES;
				GCC_C_LANGUAGE_STANDARD = gnu99;
				GCC_NO_COMMON_BLOCKS = YES;
				GCC_WARN_64_TO_32_BIT_CONVERSION = YES;
				GCC_WARN_ABOUT_RETURN_TYPE = YES_ERROR;
				GCC_WARN_UNDECLARED_SELECTOR = YES;
				GCC_WARN_UNINITIALIZED_AUTOS = YES_AGGRESSIVE;
				GCC_WARN_UNUSED_FUNCTION = YES;
				GCC_WARN_UNUSED_VARIABLE = YES;
				IPHONEOS_DEPLOYMENT_TARGET = 9.1;
				MTL_ENABLE_DEBUG_INFO = NO;
				SDKROOT = iphoneos;
				TARGETED_DEVICE_FAMILY = "1,2";
				VALIDATE_PRODUCT = YES;
			};
			name = Release;
		};
		11E576281C03A6E9001C8B39 /* Debug */ = {
			isa = XCBuildConfiguration;
			buildSettings = {
				ASSETCATALOG_COMPILER_APPICON_NAME = AppIcon;
				CODE_SIGN_IDENTITY = "iPhone Developer";
				INFOPLIST_FILE = IBRepCalculator/Info.plist;
				IPHONEOS_DEPLOYMENT_TARGET = 9.0;
				LD_RUNPATH_SEARCH_PATHS = "$(inherited) @executable_path/Frameworks";
				PRODUCT_BUNDLE_IDENTIFIER = com.justinkrysinski.IBRepCalculator;
				PRODUCT_NAME = "$(TARGET_NAME)";
				TARGETED_DEVICE_FAMILY = "1,2";
			};
			name = Debug;
		};
		11E576291C03A6E9001C8B39 /* Release */ = {
			isa = XCBuildConfiguration;
			buildSettings = {
				ASSETCATALOG_COMPILER_APPICON_NAME = AppIcon;
				CODE_SIGN_IDENTITY = "iPhone Developer";
				INFOPLIST_FILE = IBRepCalculator/Info.plist;
				IPHONEOS_DEPLOYMENT_TARGET = 9.0;
				LD_RUNPATH_SEARCH_PATHS = "$(inherited) @executable_path/Frameworks";
				PRODUCT_BUNDLE_IDENTIFIER = com.justinkrysinski.IBRepCalculator;
				PRODUCT_NAME = "$(TARGET_NAME)";
				TARGETED_DEVICE_FAMILY = "1,2";
			};
			name = Release;
		};
		11E5762B1C03A6E9001C8B39 /* Debug */ = {
			isa = XCBuildConfiguration;
			buildSettings = {
				BUNDLE_LOADER = "$(TEST_HOST)";
				INFOPLIST_FILE = IBRepCalculatorTests/Info.plist;
				LD_RUNPATH_SEARCH_PATHS = "$(inherited) @executable_path/Frameworks @loader_path/Frameworks";
				PRODUCT_BUNDLE_IDENTIFIER = com.justinkrysinski.IBRepCalculatorTests;
				PRODUCT_NAME = "$(TARGET_NAME)";
				TEST_HOST = "$(BUILT_PRODUCTS_DIR)/IBRepCalculator.app/IBRepCalculator";
			};
			name = Debug;
		};
		11E5762C1C03A6E9001C8B39 /* Release */ = {
			isa = XCBuildConfiguration;
			buildSettings = {
				BUNDLE_LOADER = "$(TEST_HOST)";
				INFOPLIST_FILE = IBRepCalculatorTests/Info.plist;
				LD_RUNPATH_SEARCH_PATHS = "$(inherited) @executable_path/Frameworks @loader_path/Frameworks";
				PRODUCT_BUNDLE_IDENTIFIER = com.justinkrysinski.IBRepCalculatorTests;
				PRODUCT_NAME = "$(TARGET_NAME)";
				TEST_HOST = "$(BUILT_PRODUCTS_DIR)/IBRepCalculator.app/IBRepCalculator";
			};
			name = Release;
		};
/* End XCBuildConfiguration section */

/* Begin XCConfigurationList section */
		11E576051C03A6E9001C8B39 /* Build configuration list for PBXProject "IBRepCalculator" */ = {
			isa = XCConfigurationList;
			buildConfigurations = (
				11E576251C03A6E9001C8B39 /* Debug */,
				11E576261C03A6E9001C8B39 /* Release */,
			);
			defaultConfigurationIsVisible = 0;
			defaultConfigurationName = Release;
		};
		11E576271C03A6E9001C8B39 /* Build configuration list for PBXNativeTarget "IBRepCalculator" */ = {
			isa = XCConfigurationList;
			buildConfigurations = (
				11E576281C03A6E9001C8B39 /* Debug */,
				11E576291C03A6E9001C8B39 /* Release */,
			);
			defaultConfigurationIsVisible = 0;
			defaultConfigurationName = Release;
		};
		11E5762A1C03A6E9001C8B39 /* Build configuration list for PBXNativeTarget "IBRepCalculatorTests" */ = {
			isa = XCConfigurationList;
			buildConfigurations = (
				11E5762B1C03A6E9001C8B39 /* Debug */,
				11E5762C1C03A6E9001C8B39 /* Release */,
			);
			defaultConfigurationIsVisible = 0;
			defaultConfigurationName = Release;
		};
/* End XCConfigurationList section */
	};
	rootObject = 11E576021C03A6E9001C8B39 /* Project object */;
}
